// !$*UTF8*$!
{
	archiveVersion = 1;
	classes = {
	};
	objectVersion = 51;
	objects = {

/* Begin PBXBuildFile section */
		8296FFCA238F0C9F00C52E38 /* SideBarViewController.swift in Sources */ = {isa = PBXBuildFile; fileRef = 8296FFC9238F0C9F00C52E38 /* SideBarViewController.swift */; };
		949D340FD8DB016D690FA86E /* Pods_weather_news.framework in Frameworks */ = {isa = PBXBuildFile; fileRef = 8349582F9B0D5F0E7F6064A2 /* Pods_weather_news.framework */; };
		A6364FAE2395C51100AA49CE /* SideMenuViewController.swift in Sources */ = {isa = PBXBuildFile; fileRef = A6364FA62395C51100AA49CE /* SideMenuViewController.swift */; };
		A6364FAF2395C51100AA49CE /* tryTableViewController.swift in Sources */ = {isa = PBXBuildFile; fileRef = A6364FA72395C51100AA49CE /* tryTableViewController.swift */; };
		A6364FB02395C51100AA49CE /* Zongya.storyboard in Resources */ = {isa = PBXBuildFile; fileRef = A6364FA82395C51100AA49CE /* Zongya.storyboard */; };
		A6364FB12395C51100AA49CE /* tryViewController.swift in Sources */ = {isa = PBXBuildFile; fileRef = A6364FA92395C51100AA49CE /* tryViewController.swift */; };
		A6364FB22395C51100AA49CE /* NewsCollectionViewCell.swift in Sources */ = {isa = PBXBuildFile; fileRef = A6364FAA2395C51100AA49CE /* NewsCollectionViewCell.swift */; };
		A6364FB32395C51100AA49CE /* NewsCollectionViewCell.xib in Resources */ = {isa = PBXBuildFile; fileRef = A6364FAB2395C51100AA49CE /* NewsCollectionViewCell.xib */; };
		A6364FB42395C51100AA49CE /* Article.swift in Sources */ = {isa = PBXBuildFile; fileRef = A6364FAC2395C51100AA49CE /* Article.swift */; };
		A6364FB52395C51100AA49CE /* ArticleViewModel.swift in Sources */ = {isa = PBXBuildFile; fileRef = A6364FAD2395C51100AA49CE /* ArticleViewModel.swift */; };
		A6364FD32395C68200AA49CE /* UIImageView+Extension.swift in Sources */ = {isa = PBXBuildFile; fileRef = A6364FB82395C68200AA49CE /* UIImageView+Extension.swift */; };
		A6364FD42395C68200AA49CE /* UILabel+Extension.swift in Sources */ = {isa = PBXBuildFile; fileRef = A6364FB92395C68200AA49CE /* UILabel+Extension.swift */; };
		A6364FD52395C68200AA49CE /* UIButton+Extension.swift in Sources */ = {isa = PBXBuildFile; fileRef = A6364FBA2395C68200AA49CE /* UIButton+Extension.swift */; };
		A6364FD62395C68200AA49CE /* UIView+Extension.swift in Sources */ = {isa = PBXBuildFile; fileRef = A6364FBB2395C68200AA49CE /* UIView+Extension.swift */; };
		A6364FD72395C68200AA49CE /* URL_URLComponents+Extension.swift in Sources */ = {isa = PBXBuildFile; fileRef = A6364FBC2395C68200AA49CE /* URL_URLComponents+Extension.swift */; };
		A6364FD82395C68200AA49CE /* DateFormatter+Extension.swift in Sources */ = {isa = PBXBuildFile; fileRef = A6364FBD2395C68200AA49CE /* DateFormatter+Extension.swift */; };
		A6364FD92395C68200AA49CE /* MediaCell.swift in Sources */ = {isa = PBXBuildFile; fileRef = A6364FBF2395C68200AA49CE /* MediaCell.swift */; };
		A6364FDA2395C68200AA49CE /* ItunesCell.swift in Sources */ = {isa = PBXBuildFile; fileRef = A6364FC02395C68200AA49CE /* ItunesCell.swift */; };
		A6364FDB2395C68200AA49CE /* SectionModel.swift in Sources */ = {isa = PBXBuildFile; fileRef = A6364FC32395C68200AA49CE /* SectionModel.swift */; };
		A6364FDC2395C68200AA49CE /* ItunesModel.swift in Sources */ = {isa = PBXBuildFile; fileRef = A6364FC42395C68200AA49CE /* ItunesModel.swift */; };
		A6364FDD2395C68200AA49CE /* ItunesViewController.swift in Sources */ = {isa = PBXBuildFile; fileRef = A6364FC62395C68200AA49CE /* ItunesViewController.swift */; };
		A6364FDE2395C68200AA49CE /* MusicPlayerController.swift in Sources */ = {isa = PBXBuildFile; fileRef = A6364FC72395C68200AA49CE /* MusicPlayerController.swift */; };
		A6364FDF2395C68200AA49CE /* ItunesTrackViewController.swift in Sources */ = {isa = PBXBuildFile; fileRef = A6364FC82395C68200AA49CE /* ItunesTrackViewController.swift */; };
		A6364FE02395C68200AA49CE /* MediaViewModel.swift in Sources */ = {isa = PBXBuildFile; fileRef = A6364FCA2395C68200AA49CE /* MediaViewModel.swift */; };
		A6364FE12395C68200AA49CE /* ItunesViewModel.swift in Sources */ = {isa = PBXBuildFile; fileRef = A6364FCB2395C68200AA49CE /* ItunesViewModel.swift */; };
		A6364FE22395C68200AA49CE /* PreviewDownloadHandler.swift in Sources */ = {isa = PBXBuildFile; fileRef = A6364FCD2395C68200AA49CE /* PreviewDownloadHandler.swift */; };
		A6364FE32395C68200AA49CE /* ItunesAPIHandler.swift in Sources */ = {isa = PBXBuildFile; fileRef = A6364FCE2395C68200AA49CE /* ItunesAPIHandler.swift */; };
		A6364FE42395C68200AA49CE /* ActivityIndicatorHelper.swift in Sources */ = {isa = PBXBuildFile; fileRef = A6364FCF2395C68200AA49CE /* ActivityIndicatorHelper.swift */; };
		A6364FE52395C68200AA49CE /* ItunesHTMLParser.swift in Sources */ = {isa = PBXBuildFile; fileRef = A6364FD02395C68200AA49CE /* ItunesHTMLParser.swift */; };
		A6364FE62395C68200AA49CE /* MediaLibraryHandler.swift in Sources */ = {isa = PBXBuildFile; fileRef = A6364FD12395C68200AA49CE /* MediaLibraryHandler.swift */; };
		A6364FE72395C68200AA49CE /* ItunesURLHandler.swift in Sources */ = {isa = PBXBuildFile; fileRef = A6364FD22395C68200AA49CE /* ItunesURLHandler.swift */; };
		A66177CC238EDC340097ACF3 /* AppDelegate.swift in Sources */ = {isa = PBXBuildFile; fileRef = A66177CB238EDC340097ACF3 /* AppDelegate.swift */; };
		A66177CE238EDC340097ACF3 /* SceneDelegate.swift in Sources */ = {isa = PBXBuildFile; fileRef = A66177CD238EDC340097ACF3 /* SceneDelegate.swift */; };
		A66177D0238EDC340097ACF3 /* ViewController.swift in Sources */ = {isa = PBXBuildFile; fileRef = A66177CF238EDC340097ACF3 /* ViewController.swift */; };
		A66177D3238EDC340097ACF3 /* Main.storyboard in Resources */ = {isa = PBXBuildFile; fileRef = A66177D1238EDC340097ACF3 /* Main.storyboard */; };
		A66177D5238EDC340097ACF3 /* Assets.xcassets in Resources */ = {isa = PBXBuildFile; fileRef = A66177D4238EDC340097ACF3 /* Assets.xcassets */; };
		A66177D8238EDC340097ACF3 /* LaunchScreen.storyboard in Resources */ = {isa = PBXBuildFile; fileRef = A66177D6238EDC340097ACF3 /* LaunchScreen.storyboard */; };
		A66177E0238EDDD90097ACF3 /* Secrets.swift in Sources */ = {isa = PBXBuildFile; fileRef = A66177DF238EDDD90097ACF3 /* Secrets.swift */; };
		A6FA87732395C0BD00393153 /* WeatherViewModel.swift in Sources */ = {isa = PBXBuildFile; fileRef = A6FA87672395C0BD00393153 /* WeatherViewModel.swift */; };
		A6FA87742395C0BD00393153 /* WeatherScreen.storyboard in Resources */ = {isa = PBXBuildFile; fileRef = A6FA87692395C0BD00393153 /* WeatherScreen.storyboard */; };
		A6FA87752395C0BD00393153 /* Models.swift in Sources */ = {isa = PBXBuildFile; fileRef = A6FA876B2395C0BD00393153 /* Models.swift */; };
		A6FA87762395C0BD00393153 /* WeatherViewController.swift in Sources */ = {isa = PBXBuildFile; fileRef = A6FA876D2395C0BD00393153 /* WeatherViewController.swift */; };
		A6FA87772395C0BD00393153 /* cloud.gif in Resources */ = {isa = PBXBuildFile; fileRef = A6FA876F2395C0BD00393153 /* cloud.gif */; };
		A6FA87782395C0BD00393153 /* rain.gif in Resources */ = {isa = PBXBuildFile; fileRef = A6FA87702395C0BD00393153 /* rain.gif */; };
		A6FA87792395C0BD00393153 /* fog.gif in Resources */ = {isa = PBXBuildFile; fileRef = A6FA87712395C0BD00393153 /* fog.gif */; };
		A6FA877A2395C0BD00393153 /* snow.gif in Resources */ = {isa = PBXBuildFile; fileRef = A6FA87722395C0BD00393153 /* snow.gif */; };
		A6FA87872395C1F900393153 /* CollectionCell.swift in Sources */ = {isa = PBXBuildFile; fileRef = A6FA877D2395C1F900393153 /* CollectionCell.swift */; };
		A6FA87892395C1F900393153 /* HoroscopeResult.swift in Sources */ = {isa = PBXBuildFile; fileRef = A6FA87802395C1F900393153 /* HoroscopeResult.swift */; };
		A6FA878A2395C1F900393153 /* Justin.storyboard in Resources */ = {isa = PBXBuildFile; fileRef = A6FA87812395C1F900393153 /* Justin.storyboard */; };
		A6FA878B2395C1F900393153 /* URLRequest+Extensions.swift in Sources */ = {isa = PBXBuildFile; fileRef = A6FA87842395C1F900393153 /* URLRequest+Extensions.swift */; };
		A6FA878C2395C1F900393153 /* URL+Extensions.swift in Sources */ = {isa = PBXBuildFile; fileRef = A6FA87852395C1F900393153 /* URL+Extensions.swift */; };
		A6FA878D2395C1F900393153 /* HoroscopeViewController.swift in Sources */ = {isa = PBXBuildFile; fileRef = A6FA87862395C1F900393153 /* HoroscopeViewController.swift */; };
		A6FA87A32395C2F000393153 /* StockCollectionViewCell.swift in Sources */ = {isa = PBXBuildFile; fileRef = A6FA87902395C2F000393153 /* StockCollectionViewCell.swift */; };
		A6FA87A42395C2F000393153 /* StocksViewModel.swift in Sources */ = {isa = PBXBuildFile; fileRef = A6FA87922395C2F000393153 /* StocksViewModel.swift */; };
		A6FA87A52395C2F000393153 /* QueryService.swift in Sources */ = {isa = PBXBuildFile; fileRef = A6FA87942395C2F000393153 /* QueryService.swift */; };
		A6FA87A62395C2F000393153 /* Stocks.swift in Sources */ = {isa = PBXBuildFile; fileRef = A6FA87962395C2F000393153 /* Stocks.swift */; };
		A6FA87A72395C2F000393153 /* UIColor.swift in Sources */ = {isa = PBXBuildFile; fileRef = A6FA87982395C2F000393153 /* UIColor.swift */; };
		A6FA87A82395C2F000393153 /* String+Hex.swift in Sources */ = {isa = PBXBuildFile; fileRef = A6FA87992395C2F000393153 /* String+Hex.swift */; };
		A6FA87A92395C2F000393153 /* TableState+Format.swift in Sources */ = {isa = PBXBuildFile; fileRef = A6FA879B2395C2F000393153 /* TableState+Format.swift */; };
		A6FA87AA2395C2F000393153 /* StocksCell.swift in Sources */ = {isa = PBXBuildFile; fileRef = A6FA879C2395C2F000393153 /* StocksCell.swift */; };
		A6FA87AB2395C2F000393153 /* TableState.swift in Sources */ = {isa = PBXBuildFile; fileRef = A6FA879D2395C2F000393153 /* TableState.swift */; };
		A6FA87AC2395C2F000393153 /* SearchViewController.swift in Sources */ = {isa = PBXBuildFile; fileRef = A6FA879F2395C2F000393153 /* SearchViewController.swift */; };
		A6FA87AE2395C2F000393153 /* Eric.storyboard in Resources */ = {isa = PBXBuildFile; fileRef = A6FA87A12395C2F000393153 /* Eric.storyboard */; };
		A6FA87AF2395C2F000393153 /* StockViewController.swift in Sources */ = {isa = PBXBuildFile; fileRef = A6FA87A22395C2F000393153 /* StockViewController.swift */; };
/* End PBXBuildFile section */

/* Begin PBXFileReference section */
		1753C439548D40A8E5B8A013 /* Pods-weather-news.debug.xcconfig */ = {isa = PBXFileReference; includeInIndex = 1; lastKnownFileType = text.xcconfig; name = "Pods-weather-news.debug.xcconfig"; path = "Target Support Files/Pods-weather-news/Pods-weather-news.debug.xcconfig"; sourceTree = "<group>"; };
		8296FFC9238F0C9F00C52E38 /* SideBarViewController.swift */ = {isa = PBXFileReference; lastKnownFileType = sourcecode.swift; path = SideBarViewController.swift; sourceTree = "<group>"; };
		8349582F9B0D5F0E7F6064A2 /* Pods_weather_news.framework */ = {isa = PBXFileReference; explicitFileType = wrapper.framework; includeInIndex = 0; path = Pods_weather_news.framework; sourceTree = BUILT_PRODUCTS_DIR; };
		A6364FA62395C51100AA49CE /* SideMenuViewController.swift */ = {isa = PBXFileReference; fileEncoding = 4; lastKnownFileType = sourcecode.swift; path = SideMenuViewController.swift; sourceTree = "<group>"; };
		A6364FA72395C51100AA49CE /* tryTableViewController.swift */ = {isa = PBXFileReference; fileEncoding = 4; lastKnownFileType = sourcecode.swift; path = tryTableViewController.swift; sourceTree = "<group>"; };
		A6364FA82395C51100AA49CE /* Zongya.storyboard */ = {isa = PBXFileReference; fileEncoding = 4; lastKnownFileType = file.storyboard; path = Zongya.storyboard; sourceTree = "<group>"; };
		A6364FA92395C51100AA49CE /* tryViewController.swift */ = {isa = PBXFileReference; fileEncoding = 4; lastKnownFileType = sourcecode.swift; path = tryViewController.swift; sourceTree = "<group>"; };
		A6364FAA2395C51100AA49CE /* NewsCollectionViewCell.swift */ = {isa = PBXFileReference; fileEncoding = 4; lastKnownFileType = sourcecode.swift; path = NewsCollectionViewCell.swift; sourceTree = "<group>"; };
		A6364FAB2395C51100AA49CE /* NewsCollectionViewCell.xib */ = {isa = PBXFileReference; fileEncoding = 4; lastKnownFileType = file.xib; path = NewsCollectionViewCell.xib; sourceTree = "<group>"; };
		A6364FAC2395C51100AA49CE /* Article.swift */ = {isa = PBXFileReference; fileEncoding = 4; lastKnownFileType = sourcecode.swift; path = Article.swift; sourceTree = "<group>"; };
		A6364FAD2395C51100AA49CE /* ArticleViewModel.swift */ = {isa = PBXFileReference; fileEncoding = 4; lastKnownFileType = sourcecode.swift; path = ArticleViewModel.swift; sourceTree = "<group>"; };
		A6364FB82395C68200AA49CE /* UIImageView+Extension.swift */ = {isa = PBXFileReference; fileEncoding = 4; lastKnownFileType = sourcecode.swift; path = "UIImageView+Extension.swift"; sourceTree = "<group>"; };
		A6364FB92395C68200AA49CE /* UILabel+Extension.swift */ = {isa = PBXFileReference; fileEncoding = 4; lastKnownFileType = sourcecode.swift; path = "UILabel+Extension.swift"; sourceTree = "<group>"; };
		A6364FBA2395C68200AA49CE /* UIButton+Extension.swift */ = {isa = PBXFileReference; fileEncoding = 4; lastKnownFileType = sourcecode.swift; path = "UIButton+Extension.swift"; sourceTree = "<group>"; };
		A6364FBB2395C68200AA49CE /* UIView+Extension.swift */ = {isa = PBXFileReference; fileEncoding = 4; lastKnownFileType = sourcecode.swift; path = "UIView+Extension.swift"; sourceTree = "<group>"; };
		A6364FBC2395C68200AA49CE /* URL_URLComponents+Extension.swift */ = {isa = PBXFileReference; fileEncoding = 4; lastKnownFileType = sourcecode.swift; path = "URL_URLComponents+Extension.swift"; sourceTree = "<group>"; };
		A6364FBD2395C68200AA49CE /* DateFormatter+Extension.swift */ = {isa = PBXFileReference; fileEncoding = 4; lastKnownFileType = sourcecode.swift; path = "DateFormatter+Extension.swift"; sourceTree = "<group>"; };
		A6364FBF2395C68200AA49CE /* MediaCell.swift */ = {isa = PBXFileReference; fileEncoding = 4; lastKnownFileType = sourcecode.swift; path = MediaCell.swift; sourceTree = "<group>"; };
		A6364FC02395C68200AA49CE /* ItunesCell.swift */ = {isa = PBXFileReference; fileEncoding = 4; lastKnownFileType = sourcecode.swift; path = ItunesCell.swift; sourceTree = "<group>"; };
		A6364FC32395C68200AA49CE /* SectionModel.swift */ = {isa = PBXFileReference; fileEncoding = 4; lastKnownFileType = sourcecode.swift; path = SectionModel.swift; sourceTree = "<group>"; };
		A6364FC42395C68200AA49CE /* ItunesModel.swift */ = {isa = PBXFileReference; fileEncoding = 4; lastKnownFileType = sourcecode.swift; path = ItunesModel.swift; sourceTree = "<group>"; };
		A6364FC62395C68200AA49CE /* ItunesViewController.swift */ = {isa = PBXFileReference; fileEncoding = 4; lastKnownFileType = sourcecode.swift; path = ItunesViewController.swift; sourceTree = "<group>"; };
		A6364FC72395C68200AA49CE /* MusicPlayerController.swift */ = {isa = PBXFileReference; fileEncoding = 4; lastKnownFileType = sourcecode.swift; path = MusicPlayerController.swift; sourceTree = "<group>"; };
		A6364FC82395C68200AA49CE /* ItunesTrackViewController.swift */ = {isa = PBXFileReference; fileEncoding = 4; lastKnownFileType = sourcecode.swift; path = ItunesTrackViewController.swift; sourceTree = "<group>"; };
		A6364FCA2395C68200AA49CE /* MediaViewModel.swift */ = {isa = PBXFileReference; fileEncoding = 4; lastKnownFileType = sourcecode.swift; path = MediaViewModel.swift; sourceTree = "<group>"; };
		A6364FCB2395C68200AA49CE /* ItunesViewModel.swift */ = {isa = PBXFileReference; fileEncoding = 4; lastKnownFileType = sourcecode.swift; path = ItunesViewModel.swift; sourceTree = "<group>"; };
		A6364FCD2395C68200AA49CE /* PreviewDownloadHandler.swift */ = {isa = PBXFileReference; fileEncoding = 4; lastKnownFileType = sourcecode.swift; path = PreviewDownloadHandler.swift; sourceTree = "<group>"; };
		A6364FCE2395C68200AA49CE /* ItunesAPIHandler.swift */ = {isa = PBXFileReference; fileEncoding = 4; lastKnownFileType = sourcecode.swift; path = ItunesAPIHandler.swift; sourceTree = "<group>"; };
		A6364FCF2395C68200AA49CE /* ActivityIndicatorHelper.swift */ = {isa = PBXFileReference; fileEncoding = 4; lastKnownFileType = sourcecode.swift; path = ActivityIndicatorHelper.swift; sourceTree = "<group>"; };
		A6364FD02395C68200AA49CE /* ItunesHTMLParser.swift */ = {isa = PBXFileReference; fileEncoding = 4; lastKnownFileType = sourcecode.swift; path = ItunesHTMLParser.swift; sourceTree = "<group>"; };
		A6364FD12395C68200AA49CE /* MediaLibraryHandler.swift */ = {isa = PBXFileReference; fileEncoding = 4; lastKnownFileType = sourcecode.swift; path = MediaLibraryHandler.swift; sourceTree = "<group>"; };
		A6364FD22395C68200AA49CE /* ItunesURLHandler.swift */ = {isa = PBXFileReference; fileEncoding = 4; lastKnownFileType = sourcecode.swift; path = ItunesURLHandler.swift; sourceTree = "<group>"; };
		A66177C8238EDC340097ACF3 /* weather-news.app */ = {isa = PBXFileReference; explicitFileType = wrapper.application; includeInIndex = 0; path = "weather-news.app"; sourceTree = BUILT_PRODUCTS_DIR; };
		A66177CB238EDC340097ACF3 /* AppDelegate.swift */ = {isa = PBXFileReference; lastKnownFileType = sourcecode.swift; path = AppDelegate.swift; sourceTree = "<group>"; };
		A66177CD238EDC340097ACF3 /* SceneDelegate.swift */ = {isa = PBXFileReference; lastKnownFileType = sourcecode.swift; path = SceneDelegate.swift; sourceTree = "<group>"; };
		A66177CF238EDC340097ACF3 /* ViewController.swift */ = {isa = PBXFileReference; lastKnownFileType = sourcecode.swift; path = ViewController.swift; sourceTree = "<group>"; };
		A66177D2238EDC340097ACF3 /* Base */ = {isa = PBXFileReference; lastKnownFileType = file.storyboard; name = Base; path = Base.lproj/Main.storyboard; sourceTree = "<group>"; };
		A66177D4238EDC340097ACF3 /* Assets.xcassets */ = {isa = PBXFileReference; lastKnownFileType = folder.assetcatalog; path = Assets.xcassets; sourceTree = "<group>"; };
		A66177D7238EDC340097ACF3 /* Base */ = {isa = PBXFileReference; lastKnownFileType = file.storyboard; name = Base; path = Base.lproj/LaunchScreen.storyboard; sourceTree = "<group>"; };
		A66177D9238EDC340097ACF3 /* Info.plist */ = {isa = PBXFileReference; lastKnownFileType = text.plist.xml; path = Info.plist; sourceTree = "<group>"; };
		A66177DF238EDDD90097ACF3 /* Secrets.swift */ = {isa = PBXFileReference; lastKnownFileType = sourcecode.swift; path = Secrets.swift; sourceTree = "<group>"; };
		A6FA87672395C0BD00393153 /* WeatherViewModel.swift */ = {isa = PBXFileReference; fileEncoding = 4; lastKnownFileType = sourcecode.swift; path = WeatherViewModel.swift; sourceTree = "<group>"; };
		A6FA87692395C0BD00393153 /* WeatherScreen.storyboard */ = {isa = PBXFileReference; fileEncoding = 4; lastKnownFileType = file.storyboard; path = WeatherScreen.storyboard; sourceTree = "<group>"; };
		A6FA876B2395C0BD00393153 /* Models.swift */ = {isa = PBXFileReference; fileEncoding = 4; lastKnownFileType = sourcecode.swift; path = Models.swift; sourceTree = "<group>"; };
		A6FA876D2395C0BD00393153 /* WeatherViewController.swift */ = {isa = PBXFileReference; fileEncoding = 4; lastKnownFileType = sourcecode.swift; path = WeatherViewController.swift; sourceTree = "<group>"; };
		A6FA876F2395C0BD00393153 /* cloud.gif */ = {isa = PBXFileReference; lastKnownFileType = image.gif; path = cloud.gif; sourceTree = "<group>"; };
		A6FA87702395C0BD00393153 /* rain.gif */ = {isa = PBXFileReference; lastKnownFileType = image.gif; path = rain.gif; sourceTree = "<group>"; };
		A6FA87712395C0BD00393153 /* fog.gif */ = {isa = PBXFileReference; lastKnownFileType = image.gif; path = fog.gif; sourceTree = "<group>"; };
		A6FA87722395C0BD00393153 /* snow.gif */ = {isa = PBXFileReference; lastKnownFileType = image.gif; path = snow.gif; sourceTree = "<group>"; };
		A6FA877D2395C1F900393153 /* CollectionCell.swift */ = {isa = PBXFileReference; fileEncoding = 4; lastKnownFileType = sourcecode.swift; path = CollectionCell.swift; sourceTree = "<group>"; };
		A6FA87802395C1F900393153 /* HoroscopeResult.swift */ = {isa = PBXFileReference; fileEncoding = 4; lastKnownFileType = sourcecode.swift; path = HoroscopeResult.swift; sourceTree = "<group>"; };
		A6FA87822395C1F900393153 /* Base */ = {isa = PBXFileReference; lastKnownFileType = file.storyboard; name = Base; path = Base.lproj/Justin.storyboard; sourceTree = "<group>"; };
		A6FA87842395C1F900393153 /* URLRequest+Extensions.swift */ = {isa = PBXFileReference; fileEncoding = 4; lastKnownFileType = sourcecode.swift; path = "URLRequest+Extensions.swift"; sourceTree = "<group>"; };
		A6FA87852395C1F900393153 /* URL+Extensions.swift */ = {isa = PBXFileReference; fileEncoding = 4; lastKnownFileType = sourcecode.swift; path = "URL+Extensions.swift"; sourceTree = "<group>"; };
		A6FA87862395C1F900393153 /* HoroscopeViewController.swift */ = {isa = PBXFileReference; fileEncoding = 4; lastKnownFileType = sourcecode.swift; path = HoroscopeViewController.swift; sourceTree = "<group>"; };
		A6FA87902395C2F000393153 /* StockCollectionViewCell.swift */ = {isa = PBXFileReference; fileEncoding = 4; lastKnownFileType = sourcecode.swift; path = StockCollectionViewCell.swift; sourceTree = "<group>"; };
		A6FA87922395C2F000393153 /* StocksViewModel.swift */ = {isa = PBXFileReference; fileEncoding = 4; lastKnownFileType = sourcecode.swift; path = StocksViewModel.swift; sourceTree = "<group>"; };
		A6FA87942395C2F000393153 /* QueryService.swift */ = {isa = PBXFileReference; fileEncoding = 4; lastKnownFileType = sourcecode.swift; path = QueryService.swift; sourceTree = "<group>"; };
		A6FA87962395C2F000393153 /* Stocks.swift */ = {isa = PBXFileReference; fileEncoding = 4; lastKnownFileType = sourcecode.swift; path = Stocks.swift; sourceTree = "<group>"; };
		A6FA87982395C2F000393153 /* UIColor.swift */ = {isa = PBXFileReference; fileEncoding = 4; lastKnownFileType = sourcecode.swift; path = UIColor.swift; sourceTree = "<group>"; };
		A6FA87992395C2F000393153 /* String+Hex.swift */ = {isa = PBXFileReference; fileEncoding = 4; lastKnownFileType = sourcecode.swift; path = "String+Hex.swift"; sourceTree = "<group>"; };
		A6FA879B2395C2F000393153 /* TableState+Format.swift */ = {isa = PBXFileReference; fileEncoding = 4; lastKnownFileType = sourcecode.swift; path = "TableState+Format.swift"; sourceTree = "<group>"; };
		A6FA879C2395C2F000393153 /* StocksCell.swift */ = {isa = PBXFileReference; fileEncoding = 4; lastKnownFileType = sourcecode.swift; path = StocksCell.swift; sourceTree = "<group>"; };
		A6FA879D2395C2F000393153 /* TableState.swift */ = {isa = PBXFileReference; fileEncoding = 4; lastKnownFileType = sourcecode.swift; path = TableState.swift; sourceTree = "<group>"; };
		A6FA879F2395C2F000393153 /* SearchViewController.swift */ = {isa = PBXFileReference; fileEncoding = 4; lastKnownFileType = sourcecode.swift; path = SearchViewController.swift; sourceTree = "<group>"; };
		A6FA87A12395C2F000393153 /* Eric.storyboard */ = {isa = PBXFileReference; fileEncoding = 4; lastKnownFileType = file.storyboard; path = Eric.storyboard; sourceTree = "<group>"; };
		A6FA87A22395C2F000393153 /* StockViewController.swift */ = {isa = PBXFileReference; fileEncoding = 4; lastKnownFileType = sourcecode.swift; path = StockViewController.swift; sourceTree = "<group>"; };
		A8259D0599238A083B6E667B /* Pods-weather-news.release.xcconfig */ = {isa = PBXFileReference; includeInIndex = 1; lastKnownFileType = text.xcconfig; name = "Pods-weather-news.release.xcconfig"; path = "Target Support Files/Pods-weather-news/Pods-weather-news.release.xcconfig"; sourceTree = "<group>"; };
/* End PBXFileReference section */

/* Begin PBXFrameworksBuildPhase section */
		A66177C5238EDC340097ACF3 /* Frameworks */ = {
			isa = PBXFrameworksBuildPhase;
			buildActionMask = 2147483647;
			files = (
				949D340FD8DB016D690FA86E /* Pods_weather_news.framework in Frameworks */,
			);
			runOnlyForDeploymentPostprocessing = 0;
		};
/* End PBXFrameworksBuildPhase section */

/* Begin PBXGroup section */
		4053F911FF5DA48F5B9C3AAB /* Pods */ = {
			isa = PBXGroup;
			children = (
				1753C439548D40A8E5B8A013 /* Pods-weather-news.debug.xcconfig */,
				A8259D0599238A083B6E667B /* Pods-weather-news.release.xcconfig */,
			);
			path = Pods;
			sourceTree = "<group>";
		};
		A6364FA52395C51100AA49CE /* Zongya */ = {
			isa = PBXGroup;
			children = (
				A6364FA62395C51100AA49CE /* SideMenuViewController.swift */,
				A6364FA72395C51100AA49CE /* tryTableViewController.swift */,
				A6364FA82395C51100AA49CE /* Zongya.storyboard */,
				A6364FA92395C51100AA49CE /* tryViewController.swift */,
				A6364FAA2395C51100AA49CE /* NewsCollectionViewCell.swift */,
				A6364FAB2395C51100AA49CE /* NewsCollectionViewCell.xib */,
				A6364FAC2395C51100AA49CE /* Article.swift */,
				A6364FAD2395C51100AA49CE /* ArticleViewModel.swift */,
			);
			path = Zongya;
			sourceTree = "<group>";
		};
		A6364FB62395C68200AA49CE /* Phong */ = {
			isa = PBXGroup;
			children = (
				A6364FB72395C68200AA49CE /* Extension */,
				A6364FBE2395C68200AA49CE /* Table Cell */,
				A6364FC12395C68200AA49CE /* Resources */,
				A6364FC22395C68200AA49CE /* Model */,
				A6364FC52395C68200AA49CE /* View Controller */,
				A6364FC92395C68200AA49CE /* View Model */,
				A6364FCC2395C68200AA49CE /* Helper */,
			);
			path = Phong;
			sourceTree = "<group>";
		};
		A6364FB72395C68200AA49CE /* Extension */ = {
			isa = PBXGroup;
			children = (
				A6364FB82395C68200AA49CE /* UIImageView+Extension.swift */,
				A6364FB92395C68200AA49CE /* UILabel+Extension.swift */,
				A6364FBA2395C68200AA49CE /* UIButton+Extension.swift */,
				A6364FBB2395C68200AA49CE /* UIView+Extension.swift */,
				A6364FBC2395C68200AA49CE /* URL_URLComponents+Extension.swift */,
				A6364FBD2395C68200AA49CE /* DateFormatter+Extension.swift */,
			);
			path = Extension;
			sourceTree = "<group>";
		};
		A6364FBE2395C68200AA49CE /* Table Cell */ = {
			isa = PBXGroup;
			children = (
				A6364FBF2395C68200AA49CE /* MediaCell.swift */,
				A6364FC02395C68200AA49CE /* ItunesCell.swift */,
			);
			path = "Table Cell";
			sourceTree = "<group>";
		};
		A6364FC12395C68200AA49CE /* Resources */ = {
			isa = PBXGroup;
			children = (
			);
			path = Resources;
			sourceTree = "<group>";
		};
		A6364FC22395C68200AA49CE /* Model */ = {
			isa = PBXGroup;
			children = (
				A6364FC32395C68200AA49CE /* SectionModel.swift */,
				A6364FC42395C68200AA49CE /* ItunesModel.swift */,
			);
			path = Model;
			sourceTree = "<group>";
		};
		A6364FC52395C68200AA49CE /* View Controller */ = {
			isa = PBXGroup;
			children = (
				A6364FC62395C68200AA49CE /* ItunesViewController.swift */,
				A6364FC72395C68200AA49CE /* MusicPlayerController.swift */,
				A6364FC82395C68200AA49CE /* ItunesTrackViewController.swift */,
			);
			path = "View Controller";
			sourceTree = "<group>";
		};
		A6364FC92395C68200AA49CE /* View Model */ = {
			isa = PBXGroup;
			children = (
				A6364FCA2395C68200AA49CE /* MediaViewModel.swift */,
				A6364FCB2395C68200AA49CE /* ItunesViewModel.swift */,
			);
			path = "View Model";
			sourceTree = "<group>";
		};
		A6364FCC2395C68200AA49CE /* Helper */ = {
			isa = PBXGroup;
			children = (
				A6364FCD2395C68200AA49CE /* PreviewDownloadHandler.swift */,
				A6364FCE2395C68200AA49CE /* ItunesAPIHandler.swift */,
				A6364FCF2395C68200AA49CE /* ActivityIndicatorHelper.swift */,
				A6364FD02395C68200AA49CE /* ItunesHTMLParser.swift */,
				A6364FD12395C68200AA49CE /* MediaLibraryHandler.swift */,
				A6364FD22395C68200AA49CE /* ItunesURLHandler.swift */,
			);
			path = Helper;
			sourceTree = "<group>";
		};
		A66177BF238EDC330097ACF3 = {
			isa = PBXGroup;
			children = (
				A66177CA238EDC340097ACF3 /* weather-news */,
				A66177C9238EDC340097ACF3 /* Products */,
				4053F911FF5DA48F5B9C3AAB /* Pods */,
				C9B6AAEECCE1345258BC3A1F /* Frameworks */,
			);
			sourceTree = "<group>";
		};
		A66177C9238EDC340097ACF3 /* Products */ = {
			isa = PBXGroup;
			children = (
				A66177C8238EDC340097ACF3 /* weather-news.app */,
			);
			name = Products;
			sourceTree = "<group>";
		};
		A66177CA238EDC340097ACF3 /* weather-news */ = {
			isa = PBXGroup;
			children = (
				A66177CB238EDC340097ACF3 /* AppDelegate.swift */,
				A6FA877B2395C1F900393153 /* Justin */,
				A6FA878E2395C2F000393153 /* Eric */,
				A6364FA52395C51100AA49CE /* Zongya */,
				A6FA87652395C0BD00393153 /* Chanye */,
				A6364FB62395C68200AA49CE /* Phong */,
				A66177CD238EDC340097ACF3 /* SceneDelegate.swift */,
				A66177CF238EDC340097ACF3 /* ViewController.swift */,
				A66177D1238EDC340097ACF3 /* Main.storyboard */,
				A66177D4238EDC340097ACF3 /* Assets.xcassets */,
				A66177D6238EDC340097ACF3 /* LaunchScreen.storyboard */,
				A66177D9238EDC340097ACF3 /* Info.plist */,
				A66177DF238EDDD90097ACF3 /* Secrets.swift */,
				8296FFC9238F0C9F00C52E38 /* SideBarViewController.swift */,
			);
			path = "weather-news";
			sourceTree = "<group>";
		};
		A6FA87652395C0BD00393153 /* Chanye */ = {
			isa = PBXGroup;
			children = (
				A6FA87662395C0BD00393153 /* ViewModels */,
				A6FA87682395C0BD00393153 /* StoryBoard */,
				A6FA876A2395C0BD00393153 /* Models */,
				A6FA876C2395C0BD00393153 /* Controllers */,
				A6FA876E2395C0BD00393153 /* gif */,
			);
			path = Chanye;
			sourceTree = "<group>";
		};
		A6FA87662395C0BD00393153 /* ViewModels */ = {
			isa = PBXGroup;
			children = (
				A6FA87672395C0BD00393153 /* WeatherViewModel.swift */,
			);
			path = ViewModels;
			sourceTree = "<group>";
		};
		A6FA87682395C0BD00393153 /* StoryBoard */ = {
			isa = PBXGroup;
			children = (
				A6FA87692395C0BD00393153 /* WeatherScreen.storyboard */,
			);
			path = StoryBoard;
			sourceTree = "<group>";
		};
		A6FA876A2395C0BD00393153 /* Models */ = {
			isa = PBXGroup;
			children = (
				A6FA876B2395C0BD00393153 /* Models.swift */,
			);
			path = Models;
			sourceTree = "<group>";
		};
		A6FA876C2395C0BD00393153 /* Controllers */ = {
			isa = PBXGroup;
			children = (
				A6FA876D2395C0BD00393153 /* WeatherViewController.swift */,
			);
			path = Controllers;
			sourceTree = "<group>";
		};
		A6FA876E2395C0BD00393153 /* gif */ = {
			isa = PBXGroup;
			children = (
				A6FA876F2395C0BD00393153 /* cloud.gif */,
				A6FA87702395C0BD00393153 /* rain.gif */,
				A6FA87712395C0BD00393153 /* fog.gif */,
				A6FA87722395C0BD00393153 /* snow.gif */,
			);
			path = gif;
			sourceTree = "<group>";
		};
		A6FA877B2395C1F900393153 /* Justin */ = {
			isa = PBXGroup;
			children = (
				A6FA877C2395C1F900393153 /* Cells */,
				A6FA877F2395C1F900393153 /* Models */,
				A6FA87812395C1F900393153 /* Justin.storyboard */,
				A6FA87832395C1F900393153 /* Extensions */,
				A6FA87862395C1F900393153 /* HoroscopeViewController.swift */,
			);
			path = Justin;
			sourceTree = "<group>";
		};
		A6FA877C2395C1F900393153 /* Cells */ = {
			isa = PBXGroup;
			children = (
				A6FA877D2395C1F900393153 /* CollectionCell.swift */,
			);
			path = Cells;
			sourceTree = "<group>";
		};
		A6FA877F2395C1F900393153 /* Models */ = {
			isa = PBXGroup;
			children = (
				A6FA87802395C1F900393153 /* HoroscopeResult.swift */,
			);
			path = Models;
			sourceTree = "<group>";
		};
		A6FA87832395C1F900393153 /* Extensions */ = {
			isa = PBXGroup;
			children = (
				A6FA87842395C1F900393153 /* URLRequest+Extensions.swift */,
				A6FA87852395C1F900393153 /* URL+Extensions.swift */,
			);
			path = Extensions;
			sourceTree = "<group>";
		};
		A6FA878E2395C2F000393153 /* Eric */ = {
			isa = PBXGroup;
			children = (
				A6FA878F2395C2F000393153 /* Collection */,
				A6FA87912395C2F000393153 /* View Models */,
				A6FA87932395C2F000393153 /* Networking */,
				A6FA87952395C2F000393153 /* Models */,
				A6FA87972395C2F000393153 /* Extensions */,
				A6FA879A2395C2F000393153 /* Table */,
				A6FA879E2395C2F000393153 /* View */,
			);
			path = Eric;
			sourceTree = "<group>";
		};
		A6FA878F2395C2F000393153 /* Collection */ = {
			isa = PBXGroup;
			children = (
				A6FA87902395C2F000393153 /* StockCollectionViewCell.swift */,
			);
			path = Collection;
			sourceTree = "<group>";
		};
		A6FA87912395C2F000393153 /* View Models */ = {
			isa = PBXGroup;
			children = (
				A6FA87922395C2F000393153 /* StocksViewModel.swift */,
			);
			path = "View Models";
			sourceTree = "<group>";
		};
		A6FA87932395C2F000393153 /* Networking */ = {
			isa = PBXGroup;
			children = (
				A6FA87942395C2F000393153 /* QueryService.swift */,
			);
			path = Networking;
			sourceTree = "<group>";
		};
		A6FA87952395C2F000393153 /* Models */ = {
			isa = PBXGroup;
			children = (
				A6FA87962395C2F000393153 /* Stocks.swift */,
			);
			path = Models;
			sourceTree = "<group>";
		};
		A6FA87972395C2F000393153 /* Extensions */ = {
			isa = PBXGroup;
			children = (
				A6FA87982395C2F000393153 /* UIColor.swift */,
				A6FA87992395C2F000393153 /* String+Hex.swift */,
			);
			path = Extensions;
			sourceTree = "<group>";
		};
		A6FA879A2395C2F000393153 /* Table */ = {
			isa = PBXGroup;
			children = (
				A6FA879B2395C2F000393153 /* TableState+Format.swift */,
				A6FA879C2395C2F000393153 /* StocksCell.swift */,
				A6FA879D2395C2F000393153 /* TableState.swift */,
			);
			path = Table;
			sourceTree = "<group>";
		};
		A6FA879E2395C2F000393153 /* View */ = {
			isa = PBXGroup;
			children = (
				A6FA879F2395C2F000393153 /* SearchViewController.swift */,
				A6FA87A12395C2F000393153 /* Eric.storyboard */,
				A6FA87A22395C2F000393153 /* StockViewController.swift */,
			);
			path = View;
			sourceTree = "<group>";
		};
		C9B6AAEECCE1345258BC3A1F /* Frameworks */ = {
			isa = PBXGroup;
			children = (
				8349582F9B0D5F0E7F6064A2 /* Pods_weather_news.framework */,
			);
			name = Frameworks;
			sourceTree = "<group>";
		};
/* End PBXGroup section */

/* Begin PBXNativeTarget section */
		A66177C7238EDC340097ACF3 /* weather-news */ = {
			isa = PBXNativeTarget;
			buildConfigurationList = A66177DC238EDC340097ACF3 /* Build configuration list for PBXNativeTarget "weather-news" */;
			buildPhases = (
				511F01592C745A795FBA6AE8 /* [CP] Check Pods Manifest.lock */,
				A66177C4238EDC340097ACF3 /* Sources */,
				A66177C5238EDC340097ACF3 /* Frameworks */,
				A66177C6238EDC340097ACF3 /* Resources */,
				8AC5817DEA314EB0C8547309 /* [CP] Embed Pods Frameworks */,
			);
			buildRules = (
			);
			dependencies = (
			);
			name = "weather-news";
			productName = "weather-news";
			productReference = A66177C8238EDC340097ACF3 /* weather-news.app */;
			productType = "com.apple.product-type.application";
		};
/* End PBXNativeTarget section */

/* Begin PBXProject section */
		A66177C0238EDC330097ACF3 /* Project object */ = {
			isa = PBXProject;
			attributes = {
				LastSwiftUpdateCheck = 1110;
				LastUpgradeCheck = 1110;
				ORGANIZATIONNAME = "Phong Nguyen";
				TargetAttributes = {
					A66177C7238EDC340097ACF3 = {
						CreatedOnToolsVersion = 11.1;
					};
				};
			};
			buildConfigurationList = A66177C3238EDC330097ACF3 /* Build configuration list for PBXProject "weather-news" */;
			compatibilityVersion = "Xcode 9.3";
			developmentRegion = en;
			hasScannedForEncodings = 0;
			knownRegions = (
				en,
				Base,
			);
			mainGroup = A66177BF238EDC330097ACF3;
			productRefGroup = A66177C9238EDC340097ACF3 /* Products */;
			projectDirPath = "";
			projectRoot = "";
			targets = (
				A66177C7238EDC340097ACF3 /* weather-news */,
			);
		};
/* End PBXProject section */

/* Begin PBXResourcesBuildPhase section */
		A66177C6238EDC340097ACF3 /* Resources */ = {
			isa = PBXResourcesBuildPhase;
			buildActionMask = 2147483647;
			files = (
				A66177D8238EDC340097ACF3 /* LaunchScreen.storyboard in Resources */,
				A66177D5238EDC340097ACF3 /* Assets.xcassets in Resources */,
				A6FA87792395C0BD00393153 /* fog.gif in Resources */,
				A6364FB02395C51100AA49CE /* Zongya.storyboard in Resources */,
				A6FA877A2395C0BD00393153 /* snow.gif in Resources */,
				A6FA87AE2395C2F000393153 /* Eric.storyboard in Resources */,
				A66177D3238EDC340097ACF3 /* Main.storyboard in Resources */,
				A6FA87742395C0BD00393153 /* WeatherScreen.storyboard in Resources */,
				A6FA87782395C0BD00393153 /* rain.gif in Resources */,
				A6FA878A2395C1F900393153 /* Justin.storyboard in Resources */,
				A6FA87772395C0BD00393153 /* cloud.gif in Resources */,
				A6364FB32395C51100AA49CE /* NewsCollectionViewCell.xib in Resources */,
			);
			runOnlyForDeploymentPostprocessing = 0;
		};
/* End PBXResourcesBuildPhase section */

/* Begin PBXShellScriptBuildPhase section */
		511F01592C745A795FBA6AE8 /* [CP] Check Pods Manifest.lock */ = {
			isa = PBXShellScriptBuildPhase;
			buildActionMask = 2147483647;
			files = (
			);
			inputFileListPaths = (
			);
			inputPaths = (
				"${PODS_PODFILE_DIR_PATH}/Podfile.lock",
				"${PODS_ROOT}/Manifest.lock",
			);
			name = "[CP] Check Pods Manifest.lock";
			outputFileListPaths = (
			);
			outputPaths = (
				"$(DERIVED_FILE_DIR)/Pods-weather-news-checkManifestLockResult.txt",
			);
			runOnlyForDeploymentPostprocessing = 0;
			shellPath = /bin/sh;
			shellScript = "diff \"${PODS_PODFILE_DIR_PATH}/Podfile.lock\" \"${PODS_ROOT}/Manifest.lock\" > /dev/null\nif [ $? != 0 ] ; then\n    # print error to STDERR\n    echo \"error: The sandbox is not in sync with the Podfile.lock. Run 'pod install' or update your CocoaPods installation.\" >&2\n    exit 1\nfi\n# This output is used by Xcode 'outputs' to avoid re-running this script phase.\necho \"SUCCESS\" > \"${SCRIPT_OUTPUT_FILE_0}\"\n";
			showEnvVarsInLog = 0;
		};
		8AC5817DEA314EB0C8547309 /* [CP] Embed Pods Frameworks */ = {
			isa = PBXShellScriptBuildPhase;
			buildActionMask = 2147483647;
			files = (
			);
			inputFileListPaths = (
				"${PODS_ROOT}/Target Support Files/Pods-weather-news/Pods-weather-news-frameworks-${CONFIGURATION}-input-files.xcfilelist",
			);
			name = "[CP] Embed Pods Frameworks";
			outputFileListPaths = (
				"${PODS_ROOT}/Target Support Files/Pods-weather-news/Pods-weather-news-frameworks-${CONFIGURATION}-output-files.xcfilelist",
			);
			runOnlyForDeploymentPostprocessing = 0;
			shellPath = /bin/sh;
			shellScript = "\"${PODS_ROOT}/Target Support Files/Pods-weather-news/Pods-weather-news-frameworks.sh\"\n";
			showEnvVarsInLog = 0;
		};
/* End PBXShellScriptBuildPhase section */

/* Begin PBXSourcesBuildPhase section */
		A66177C4238EDC340097ACF3 /* Sources */ = {
			isa = PBXSourcesBuildPhase;
			buildActionMask = 2147483647;
			files = (
				A6FA87A42395C2F000393153 /* StocksViewModel.swift in Sources */,
				A6FA87732395C0BD00393153 /* WeatherViewModel.swift in Sources */,
				A6FA87A62395C2F000393153 /* Stocks.swift in Sources */,
				A6364FB12395C51100AA49CE /* tryViewController.swift in Sources */,
				A66177D0238EDC340097ACF3 /* ViewController.swift in Sources */,
				A6FA87A52395C2F000393153 /* QueryService.swift in Sources */,
				A6FA87A32395C2F000393153 /* StockCollectionViewCell.swift in Sources */,
				A6364FE02395C68200AA49CE /* MediaViewModel.swift in Sources */,
				A66177E0238EDDD90097ACF3 /* Secrets.swift in Sources */,
				A6364FD92395C68200AA49CE /* MediaCell.swift in Sources */,
				8296FFCA238F0C9F00C52E38 /* SideBarViewController.swift in Sources */,
				A6FA87A72395C2F000393153 /* UIColor.swift in Sources */,
				A6FA87AA2395C2F000393153 /* StocksCell.swift in Sources */,
				A6364FDD2395C68200AA49CE /* ItunesViewController.swift in Sources */,
				A66177CC238EDC340097ACF3 /* AppDelegate.swift in Sources */,
				A6364FDE2395C68200AA49CE /* MusicPlayerController.swift in Sources */,
				A6364FB52395C51100AA49CE /* ArticleViewModel.swift in Sources */,
				A6364FDB2395C68200AA49CE /* SectionModel.swift in Sources */,
				A6FA87AB2395C2F000393153 /* TableState.swift in Sources */,
				A6364FD82395C68200AA49CE /* DateFormatter+Extension.swift in Sources */,
				A6364FD52395C68200AA49CE /* UIButton+Extension.swift in Sources */,
				A6364FE22395C68200AA49CE /* PreviewDownloadHandler.swift in Sources */,
				A6364FB42395C51100AA49CE /* Article.swift in Sources */,
				A6FA87A82395C2F000393153 /* String+Hex.swift in Sources */,
				A6364FE32395C68200AA49CE /* ItunesAPIHandler.swift in Sources */,
				A6FA878C2395C1F900393153 /* URL+Extensions.swift in Sources */,
				A6364FE72395C68200AA49CE /* ItunesURLHandler.swift in Sources */,
				A6FA87AC2395C2F000393153 /* SearchViewController.swift in Sources */,
				A6364FDA2395C68200AA49CE /* ItunesCell.swift in Sources */,
				A6364FAE2395C51100AA49CE /* SideMenuViewController.swift in Sources */,
				A6364FE12395C68200AA49CE /* ItunesViewModel.swift in Sources */,
				A66177CE238EDC340097ACF3 /* SceneDelegate.swift in Sources */,
				A6364FAF2395C51100AA49CE /* tryTableViewController.swift in Sources */,
				A6364FDF2395C68200AA49CE /* ItunesTrackViewController.swift in Sources */,
				A6FA878D2395C1F900393153 /* HoroscopeViewController.swift in Sources */,
				A6364FE42395C68200AA49CE /* ActivityIndicatorHelper.swift in Sources */,
				A6364FD72395C68200AA49CE /* URL_URLComponents+Extension.swift in Sources */,
				A6FA87892395C1F900393153 /* HoroscopeResult.swift in Sources */,
				A6364FD62395C68200AA49CE /* UIView+Extension.swift in Sources */,
				A6364FD32395C68200AA49CE /* UIImageView+Extension.swift in Sources */,
				A6364FD42395C68200AA49CE /* UILabel+Extension.swift in Sources */,
				A6FA87AF2395C2F000393153 /* StockViewController.swift in Sources */,
				A6364FE62395C68200AA49CE /* MediaLibraryHandler.swift in Sources */,
				A6FA87A92395C2F000393153 /* TableState+Format.swift in Sources */,
				A6FA87752395C0BD00393153 /* Models.swift in Sources */,
				A6FA878B2395C1F900393153 /* URLRequest+Extensions.swift in Sources */,
				A6364FE52395C68200AA49CE /* ItunesHTMLParser.swift in Sources */,
				A6FA87762395C0BD00393153 /* WeatherViewController.swift in Sources */,
				A6364FDC2395C68200AA49CE /* ItunesModel.swift in Sources */,
				A6364FB22395C51100AA49CE /* NewsCollectionViewCell.swift in Sources */,
				A6FA87872395C1F900393153 /* CollectionCell.swift in Sources */,
			);
			runOnlyForDeploymentPostprocessing = 0;
		};
/* End PBXSourcesBuildPhase section */

/* Begin PBXVariantGroup section */
		A66177D1238EDC340097ACF3 /* Main.storyboard */ = {
			isa = PBXVariantGroup;
			children = (
				A66177D2238EDC340097ACF3 /* Base */,
			);
			name = Main.storyboard;
			sourceTree = "<group>";
		};
		A66177D6238EDC340097ACF3 /* LaunchScreen.storyboard */ = {
			isa = PBXVariantGroup;
			children = (
				A66177D7238EDC340097ACF3 /* Base */,
			);
			name = LaunchScreen.storyboard;
			sourceTree = "<group>";
		};
		A6FA87812395C1F900393153 /* Justin.storyboard */ = {
			isa = PBXVariantGroup;
			children = (
				A6FA87822395C1F900393153 /* Base */,
			);
			name = Justin.storyboard;
			sourceTree = "<group>";
		};
/* End PBXVariantGroup section */

/* Begin XCBuildConfiguration section */
		A66177DA238EDC340097ACF3 /* Debug */ = {
			isa = XCBuildConfiguration;
			buildSettings = {
				ALWAYS_SEARCH_USER_PATHS = NO;
				CLANG_ANALYZER_NONNULL = YES;
				CLANG_ANALYZER_NUMBER_OBJECT_CONVERSION = YES_AGGRESSIVE;
				CLANG_CXX_LANGUAGE_STANDARD = "gnu++14";
				CLANG_CXX_LIBRARY = "libc++";
				CLANG_ENABLE_MODULES = YES;
				CLANG_ENABLE_OBJC_ARC = YES;
				CLANG_ENABLE_OBJC_WEAK = YES;
				CLANG_WARN_BLOCK_CAPTURE_AUTORELEASING = YES;
				CLANG_WARN_BOOL_CONVERSION = YES;
				CLANG_WARN_COMMA = YES;
				CLANG_WARN_CONSTANT_CONVERSION = YES;
				CLANG_WARN_DEPRECATED_OBJC_IMPLEMENTATIONS = YES;
				CLANG_WARN_DIRECT_OBJC_ISA_USAGE = YES_ERROR;
				CLANG_WARN_DOCUMENTATION_COMMENTS = YES;
				CLANG_WARN_EMPTY_BODY = YES;
				CLANG_WARN_ENUM_CONVERSION = YES;
				CLANG_WARN_INFINITE_RECURSION = YES;
				CLANG_WARN_INT_CONVERSION = YES;
				CLANG_WARN_NON_LITERAL_NULL_CONVERSION = YES;
				CLANG_WARN_OBJC_IMPLICIT_RETAIN_SELF = YES;
				CLANG_WARN_OBJC_LITERAL_CONVERSION = YES;
				CLANG_WARN_OBJC_ROOT_CLASS = YES_ERROR;
				CLANG_WARN_RANGE_LOOP_ANALYSIS = YES;
				CLANG_WARN_STRICT_PROTOTYPES = YES;
				CLANG_WARN_SUSPICIOUS_MOVE = YES;
				CLANG_WARN_UNGUARDED_AVAILABILITY = YES_AGGRESSIVE;
				CLANG_WARN_UNREACHABLE_CODE = YES;
				CLANG_WARN__DUPLICATE_METHOD_MATCH = YES;
				COPY_PHASE_STRIP = NO;
				DEBUG_INFORMATION_FORMAT = dwarf;
				ENABLE_STRICT_OBJC_MSGSEND = YES;
				ENABLE_TESTABILITY = YES;
				GCC_C_LANGUAGE_STANDARD = gnu11;
				GCC_DYNAMIC_NO_PIC = NO;
				GCC_NO_COMMON_BLOCKS = YES;
				GCC_OPTIMIZATION_LEVEL = 0;
				GCC_PREPROCESSOR_DEFINITIONS = (
					"DEBUG=1",
					"$(inherited)",
				);
				GCC_WARN_64_TO_32_BIT_CONVERSION = YES;
				GCC_WARN_ABOUT_RETURN_TYPE = YES_ERROR;
				GCC_WARN_UNDECLARED_SELECTOR = YES;
				GCC_WARN_UNINITIALIZED_AUTOS = YES_AGGRESSIVE;
				GCC_WARN_UNUSED_FUNCTION = YES;
				GCC_WARN_UNUSED_VARIABLE = YES;
				IPHONEOS_DEPLOYMENT_TARGET = 13.1;
				MTL_ENABLE_DEBUG_INFO = INCLUDE_SOURCE;
				MTL_FAST_MATH = YES;
				ONLY_ACTIVE_ARCH = YES;
				SDKROOT = iphoneos;
				SWIFT_ACTIVE_COMPILATION_CONDITIONS = DEBUG;
				SWIFT_OPTIMIZATION_LEVEL = "-Onone";
			};
			name = Debug;
		};
		A66177DB238EDC340097ACF3 /* Release */ = {
			isa = XCBuildConfiguration;
			buildSettings = {
				ALWAYS_SEARCH_USER_PATHS = NO;
				CLANG_ANALYZER_NONNULL = YES;
				CLANG_ANALYZER_NUMBER_OBJECT_CONVERSION = YES_AGGRESSIVE;
				CLANG_CXX_LANGUAGE_STANDARD = "gnu++14";
				CLANG_CXX_LIBRARY = "libc++";
				CLANG_ENABLE_MODULES = YES;
				CLANG_ENABLE_OBJC_ARC = YES;
				CLANG_ENABLE_OBJC_WEAK = YES;
				CLANG_WARN_BLOCK_CAPTURE_AUTORELEASING = YES;
				CLANG_WARN_BOOL_CONVERSION = YES;
				CLANG_WARN_COMMA = YES;
				CLANG_WARN_CONSTANT_CONVERSION = YES;
				CLANG_WARN_DEPRECATED_OBJC_IMPLEMENTATIONS = YES;
				CLANG_WARN_DIRECT_OBJC_ISA_USAGE = YES_ERROR;
				CLANG_WARN_DOCUMENTATION_COMMENTS = YES;
				CLANG_WARN_EMPTY_BODY = YES;
				CLANG_WARN_ENUM_CONVERSION = YES;
				CLANG_WARN_INFINITE_RECURSION = YES;
				CLANG_WARN_INT_CONVERSION = YES;
				CLANG_WARN_NON_LITERAL_NULL_CONVERSION = YES;
				CLANG_WARN_OBJC_IMPLICIT_RETAIN_SELF = YES;
				CLANG_WARN_OBJC_LITERAL_CONVERSION = YES;
				CLANG_WARN_OBJC_ROOT_CLASS = YES_ERROR;
				CLANG_WARN_RANGE_LOOP_ANALYSIS = YES;
				CLANG_WARN_STRICT_PROTOTYPES = YES;
				CLANG_WARN_SUSPICIOUS_MOVE = YES;
				CLANG_WARN_UNGUARDED_AVAILABILITY = YES_AGGRESSIVE;
				CLANG_WARN_UNREACHABLE_CODE = YES;
				CLANG_WARN__DUPLICATE_METHOD_MATCH = YES;
				COPY_PHASE_STRIP = NO;
				DEBUG_INFORMATION_FORMAT = "dwarf-with-dsym";
				ENABLE_NS_ASSERTIONS = NO;
				ENABLE_STRICT_OBJC_MSGSEND = YES;
				GCC_C_LANGUAGE_STANDARD = gnu11;
				GCC_NO_COMMON_BLOCKS = YES;
				GCC_WARN_64_TO_32_BIT_CONVERSION = YES;
				GCC_WARN_ABOUT_RETURN_TYPE = YES_ERROR;
				GCC_WARN_UNDECLARED_SELECTOR = YES;
				GCC_WARN_UNINITIALIZED_AUTOS = YES_AGGRESSIVE;
				GCC_WARN_UNUSED_FUNCTION = YES;
				GCC_WARN_UNUSED_VARIABLE = YES;
				IPHONEOS_DEPLOYMENT_TARGET = 13.1;
				MTL_ENABLE_DEBUG_INFO = NO;
				MTL_FAST_MATH = YES;
				SDKROOT = iphoneos;
				SWIFT_COMPILATION_MODE = wholemodule;
				SWIFT_OPTIMIZATION_LEVEL = "-O";
				VALIDATE_PRODUCT = YES;
			};
			name = Release;
		};
		A66177DD238EDC340097ACF3 /* Debug */ = {
			isa = XCBuildConfiguration;
			baseConfigurationReference = 1753C439548D40A8E5B8A013 /* Pods-weather-news.debug.xcconfig */;
			buildSettings = {
				ASSETCATALOG_COMPILER_APPICON_NAME = AppIcon;
				CODE_SIGN_STYLE = Automatic;
				DEVELOPMENT_TEAM = VWUAMV6493;
				INFOPLIST_FILE = "weather-news/Info.plist";
				LD_RUNPATH_SEARCH_PATHS = (
					"$(inherited)",
					"@executable_path/Frameworks",
				);
				PRODUCT_BUNDLE_IDENTIFIER = "com.phong.weather-news";
				PRODUCT_NAME = "$(TARGET_NAME)";
				SWIFT_VERSION = 5.0;
				TARGETED_DEVICE_FAMILY = "1,2";
			};
			name = Debug;
		};
		A66177DE238EDC340097ACF3 /* Release */ = {
			isa = XCBuildConfiguration;
			baseConfigurationReference = A8259D0599238A083B6E667B /* Pods-weather-news.release.xcconfig */;
			buildSettings = {
				ASSETCATALOG_COMPILER_APPICON_NAME = AppIcon;
				CODE_SIGN_STYLE = Automatic;
				DEVELOPMENT_TEAM = VWUAMV6493;
				INFOPLIST_FILE = "weather-news/Info.plist";
				LD_RUNPATH_SEARCH_PATHS = (
					"$(inherited)",
					"@executable_path/Frameworks",
				);
				PRODUCT_BUNDLE_IDENTIFIER = "com.phong.weather-news";
				PRODUCT_NAME = "$(TARGET_NAME)";
				SWIFT_VERSION = 5.0;
				TARGETED_DEVICE_FAMILY = "1,2";
			};
			name = Release;
		};
/* End XCBuildConfiguration section */

/* Begin XCConfigurationList section */
		A66177C3238EDC330097ACF3 /* Build configuration list for PBXProject "weather-news" */ = {
			isa = XCConfigurationList;
			buildConfigurations = (
				A66177DA238EDC340097ACF3 /* Debug */,
				A66177DB238EDC340097ACF3 /* Release */,
			);
			defaultConfigurationIsVisible = 0;
			defaultConfigurationName = Release;
		};
		A66177DC238EDC340097ACF3 /* Build configuration list for PBXNativeTarget "weather-news" */ = {
			isa = XCConfigurationList;
			buildConfigurations = (
				A66177DD238EDC340097ACF3 /* Debug */,
				A66177DE238EDC340097ACF3 /* Release */,
			);
			defaultConfigurationIsVisible = 0;
			defaultConfigurationName = Release;
		};
/* End XCConfigurationList section */
	};
	rootObject = A66177C0238EDC330097ACF3 /* Project object */;
}
