// !$*UTF8*$!
{
	archiveVersion = 1;
	classes = {
	};
	objectVersion = 51;
	objects = {

/* Begin PBXBuildFile section */
		8296FFCA238F0C9F00C52E38 /* SideBarViewController.swift in Sources */ = {isa = PBXBuildFile; fileRef = 8296FFC9238F0C9F00C52E38 /* SideBarViewController.swift */; };
		949D340FD8DB016D690FA86E /* Pods_weather_news.framework in Frameworks */ = {isa = PBXBuildFile; fileRef = 8349582F9B0D5F0E7F6064A2 /* Pods_weather_news.framework */; };
		A66177CC238EDC340097ACF3 /* AppDelegate.swift in Sources */ = {isa = PBXBuildFile; fileRef = A66177CB238EDC340097ACF3 /* AppDelegate.swift */; };
		A66177CE238EDC340097ACF3 /* SceneDelegate.swift in Sources */ = {isa = PBXBuildFile; fileRef = A66177CD238EDC340097ACF3 /* SceneDelegate.swift */; };
		A66177D0238EDC340097ACF3 /* ViewController.swift in Sources */ = {isa = PBXBuildFile; fileRef = A66177CF238EDC340097ACF3 /* ViewController.swift */; };
		A66177D3238EDC340097ACF3 /* Main.storyboard in Resources */ = {isa = PBXBuildFile; fileRef = A66177D1238EDC340097ACF3 /* Main.storyboard */; };
		A66177D5238EDC340097ACF3 /* Assets.xcassets in Resources */ = {isa = PBXBuildFile; fileRef = A66177D4238EDC340097ACF3 /* Assets.xcassets */; };
		A66177D8238EDC340097ACF3 /* LaunchScreen.storyboard in Resources */ = {isa = PBXBuildFile; fileRef = A66177D6238EDC340097ACF3 /* LaunchScreen.storyboard */; };
		A66177E0238EDDD90097ACF3 /* Secrets.swift in Sources */ = {isa = PBXBuildFile; fileRef = A66177DF238EDDD90097ACF3 /* Secrets.swift */; };
		C4C8D541238F208A00CA9D94 /* Eric.swift in Sources */ = {isa = PBXBuildFile; fileRef = C4C8D53C238F208900CA9D94 /* Eric.swift */; };
		C4C8D542238F208A00CA9D94 /* Phong.swift in Sources */ = {isa = PBXBuildFile; fileRef = C4C8D53E238F208900CA9D94 /* Phong.swift */; };
		C4C8D543238F208A00CA9D94 /* Zongya.swift in Sources */ = {isa = PBXBuildFile; fileRef = C4C8D540238F208A00CA9D94 /* Zongya.swift */; };
/* End PBXBuildFile section */

/* Begin PBXFileReference section */
		1753C439548D40A8E5B8A013 /* Pods-weather-news.debug.xcconfig */ = {isa = PBXFileReference; includeInIndex = 1; lastKnownFileType = text.xcconfig; name = "Pods-weather-news.debug.xcconfig"; path = "Target Support Files/Pods-weather-news/Pods-weather-news.debug.xcconfig"; sourceTree = "<group>"; };
		8296FFC9238F0C9F00C52E38 /* SideBarViewController.swift */ = {isa = PBXFileReference; lastKnownFileType = sourcecode.swift; path = SideBarViewController.swift; sourceTree = "<group>"; };
		8349582F9B0D5F0E7F6064A2 /* Pods_weather_news.framework */ = {isa = PBXFileReference; explicitFileType = wrapper.framework; includeInIndex = 0; path = Pods_weather_news.framework; sourceTree = BUILT_PRODUCTS_DIR; };
		A66177C8238EDC340097ACF3 /* weather-news.app */ = {isa = PBXFileReference; explicitFileType = wrapper.application; includeInIndex = 0; path = "weather-news.app"; sourceTree = BUILT_PRODUCTS_DIR; };
		A66177CB238EDC340097ACF3 /* AppDelegate.swift */ = {isa = PBXFileReference; lastKnownFileType = sourcecode.swift; path = AppDelegate.swift; sourceTree = "<group>"; };
		A66177CD238EDC340097ACF3 /* SceneDelegate.swift */ = {isa = PBXFileReference; lastKnownFileType = sourcecode.swift; path = SceneDelegate.swift; sourceTree = "<group>"; };
		A66177CF238EDC340097ACF3 /* ViewController.swift */ = {isa = PBXFileReference; lastKnownFileType = sourcecode.swift; path = ViewController.swift; sourceTree = "<group>"; };
		A66177D2238EDC340097ACF3 /* Base */ = {isa = PBXFileReference; lastKnownFileType = file.storyboard; name = Base; path = Base.lproj/Main.storyboard; sourceTree = "<group>"; };
		A66177D4238EDC340097ACF3 /* Assets.xcassets */ = {isa = PBXFileReference; lastKnownFileType = folder.assetcatalog; path = Assets.xcassets; sourceTree = "<group>"; };
		A66177D7238EDC340097ACF3 /* Base */ = {isa = PBXFileReference; lastKnownFileType = file.storyboard; name = Base; path = Base.lproj/LaunchScreen.storyboard; sourceTree = "<group>"; };
		A66177D9238EDC340097ACF3 /* Info.plist */ = {isa = PBXFileReference; lastKnownFileType = text.plist.xml; path = Info.plist; sourceTree = "<group>"; };
		A66177DF238EDDD90097ACF3 /* Secrets.swift */ = {isa = PBXFileReference; lastKnownFileType = sourcecode.swift; path = Secrets.swift; sourceTree = "<group>"; };
		A8259D0599238A083B6E667B /* Pods-weather-news.release.xcconfig */ = {isa = PBXFileReference; includeInIndex = 1; lastKnownFileType = text.xcconfig; name = "Pods-weather-news.release.xcconfig"; path = "Target Support Files/Pods-weather-news/Pods-weather-news.release.xcconfig"; sourceTree = "<group>"; };
		C4C8D53C238F208900CA9D94 /* Eric.swift */ = {isa = PBXFileReference; fileEncoding = 4; lastKnownFileType = sourcecode.swift; path = Eric.swift; sourceTree = "<group>"; };
		C4C8D53E238F208900CA9D94 /* Phong.swift */ = {isa = PBXFileReference; fileEncoding = 4; lastKnownFileType = sourcecode.swift; path = Phong.swift; sourceTree = "<group>"; };
		C4C8D540238F208A00CA9D94 /* Zongya.swift */ = {isa = PBXFileReference; fileEncoding = 4; lastKnownFileType = sourcecode.swift; path = Zongya.swift; sourceTree = "<group>"; };
/* End PBXFileReference section */

/* Begin PBXFrameworksBuildPhase section */
		A66177C5238EDC340097ACF3 /* Frameworks */ = {
			isa = PBXFrameworksBuildPhase;
			buildActionMask = 2147483647;
			files = (
				949D340FD8DB016D690FA86E /* Pods_weather_news.framework in Frameworks */,
			);
			runOnlyForDeploymentPostprocessing = 0;
		};
/* End PBXFrameworksBuildPhase section */

/* Begin PBXGroup section */
		4053F911FF5DA48F5B9C3AAB /* Pods */ = {
			isa = PBXGroup;
			children = (
				1753C439548D40A8E5B8A013 /* Pods-weather-news.debug.xcconfig */,
				A8259D0599238A083B6E667B /* Pods-weather-news.release.xcconfig */,
			);
			path = Pods;
			sourceTree = "<group>";
		};
		A66177BF238EDC330097ACF3 = {
			isa = PBXGroup;
			children = (
				A66177CA238EDC340097ACF3 /* weather-news */,
				A66177C9238EDC340097ACF3 /* Products */,
				4053F911FF5DA48F5B9C3AAB /* Pods */,
				C9B6AAEECCE1345258BC3A1F /* Frameworks */,
			);
			sourceTree = "<group>";
		};
		A66177C9238EDC340097ACF3 /* Products */ = {
			isa = PBXGroup;
			children = (
				A66177C8238EDC340097ACF3 /* weather-news.app */,
			);
			name = Products;
			sourceTree = "<group>";
		};
		A66177CA238EDC340097ACF3 /* weather-news */ = {
			isa = PBXGroup;
			children = (
				C4C8D53B238F208900CA9D94 /* Eric_Folder */,
				C4C8D53D238F208900CA9D94 /* Phong_Folder */,
				C4C8D53F238F208A00CA9D94 /* Zongya_Folder */,
				A66177CB238EDC340097ACF3 /* AppDelegate.swift */,
				A66177CD238EDC340097ACF3 /* SceneDelegate.swift */,
				A66177CF238EDC340097ACF3 /* ViewController.swift */,
				A66177D1238EDC340097ACF3 /* Main.storyboard */,
				A66177D4238EDC340097ACF3 /* Assets.xcassets */,
				A66177D6238EDC340097ACF3 /* LaunchScreen.storyboard */,
				A66177D9238EDC340097ACF3 /* Info.plist */,
				A66177DF238EDDD90097ACF3 /* Secrets.swift */,
				8296FFC9238F0C9F00C52E38 /* SideBarViewController.swift */,
			);
			path = "weather-news";
			sourceTree = "<group>";
		};
		C4C8D53B238F208900CA9D94 /* Eric_Folder */ = {
			isa = PBXGroup;
			children = (
				C4C8D53C238F208900CA9D94 /* Eric.swift */,
			);
			path = Eric_Folder;
			sourceTree = "<group>";
		};
		C4C8D53D238F208900CA9D94 /* Phong_Folder */ = {
			isa = PBXGroup;
			children = (
				C4C8D53E238F208900CA9D94 /* Phong.swift */,
			);
			path = Phong_Folder;
			sourceTree = "<group>";
		};
		C4C8D53F238F208A00CA9D94 /* Zongya_Folder */ = {
			isa = PBXGroup;
			children = (
				C4C8D540238F208A00CA9D94 /* Zongya.swift */,
			);
			path = Zongya_Folder;
			sourceTree = "<group>";
		};
		C9B6AAEECCE1345258BC3A1F /* Frameworks */ = {
			isa = PBXGroup;
			children = (
				8349582F9B0D5F0E7F6064A2 /* Pods_weather_news.framework */,
			);
			name = Frameworks;
			sourceTree = "<group>";
		};
/* End PBXGroup section */

/* Begin PBXNativeTarget section */
		A66177C7238EDC340097ACF3 /* weather-news */ = {
			isa = PBXNativeTarget;
			buildConfigurationList = A66177DC238EDC340097ACF3 /* Build configuration list for PBXNativeTarget "weather-news" */;
			buildPhases = (
				511F01592C745A795FBA6AE8 /* [CP] Check Pods Manifest.lock */,
				A66177C4238EDC340097ACF3 /* Sources */,
				A66177C5238EDC340097ACF3 /* Frameworks */,
				A66177C6238EDC340097ACF3 /* Resources */,
				8AC5817DEA314EB0C8547309 /* [CP] Embed Pods Frameworks */,
			);
			buildRules = (
			);
			dependencies = (
			);
			name = "weather-news";
			productName = "weather-news";
			productReference = A66177C8238EDC340097ACF3 /* weather-news.app */;
			productType = "com.apple.product-type.application";
		};
/* End PBXNativeTarget section */

/* Begin PBXProject section */
		A66177C0238EDC330097ACF3 /* Project object */ = {
			isa = PBXProject;
			attributes = {
				LastSwiftUpdateCheck = 1110;
				LastUpgradeCheck = 1110;
				ORGANIZATIONNAME = "Phong Nguyen";
				TargetAttributes = {
					A66177C7238EDC340097ACF3 = {
						CreatedOnToolsVersion = 11.1;
					};
				};
			};
			buildConfigurationList = A66177C3238EDC330097ACF3 /* Build configuration list for PBXProject "weather-news" */;
			compatibilityVersion = "Xcode 9.3";
			developmentRegion = en;
			hasScannedForEncodings = 0;
			knownRegions = (
				en,
				Base,
			);
			mainGroup = A66177BF238EDC330097ACF3;
			productRefGroup = A66177C9238EDC340097ACF3 /* Products */;
			projectDirPath = "";
			projectRoot = "";
			targets = (
				A66177C7238EDC340097ACF3 /* weather-news */,
			);
		};
/* End PBXProject section */

/* Begin PBXResourcesBuildPhase section */
		A66177C6238EDC340097ACF3 /* Resources */ = {
			isa = PBXResourcesBuildPhase;
			buildActionMask = 2147483647;
			files = (
				A66177D8238EDC340097ACF3 /* LaunchScreen.storyboard in Resources */,
				A66177D5238EDC340097ACF3 /* Assets.xcassets in Resources */,
				A66177D3238EDC340097ACF3 /* Main.storyboard in Resources */,
			);
			runOnlyForDeploymentPostprocessing = 0;
		};
/* End PBXResourcesBuildPhase section */

/* Begin PBXShellScriptBuildPhase section */
		511F01592C745A795FBA6AE8 /* [CP] Check Pods Manifest.lock */ = {
			isa = PBXShellScriptBuildPhase;
			buildActionMask = 2147483647;
			files = (
			);
			inputFileListPaths = (
			);
			inputPaths = (
				"${PODS_PODFILE_DIR_PATH}/Podfile.lock",
				"${PODS_ROOT}/Manifest.lock",
			);
			name = "[CP] Check Pods Manifest.lock";
			outputFileListPaths = (
			);
			outputPaths = (
				"$(DERIVED_FILE_DIR)/Pods-weather-news-checkManifestLockResult.txt",
			);
			runOnlyForDeploymentPostprocessing = 0;
			shellPath = /bin/sh;
			shellScript = "diff \"${PODS_PODFILE_DIR_PATH}/Podfile.lock\" \"${PODS_ROOT}/Manifest.lock\" > /dev/null\nif [ $? != 0 ] ; then\n    # print error to STDERR\n    echo \"error: The sandbox is not in sync with the Podfile.lock. Run 'pod install' or update your CocoaPods installation.\" >&2\n    exit 1\nfi\n# This output is used by Xcode 'outputs' to avoid re-running this script phase.\necho \"SUCCESS\" > \"${SCRIPT_OUTPUT_FILE_0}\"\n";
			showEnvVarsInLog = 0;
		};
		8AC5817DEA314EB0C8547309 /* [CP] Embed Pods Frameworks */ = {
			isa = PBXShellScriptBuildPhase;
			buildActionMask = 2147483647;
			files = (
			);
			inputFileListPaths = (
				"${PODS_ROOT}/Target Support Files/Pods-weather-news/Pods-weather-news-frameworks-${CONFIGURATION}-input-files.xcfilelist",
			);
			name = "[CP] Embed Pods Frameworks";
			outputFileListPaths = (
				"${PODS_ROOT}/Target Support Files/Pods-weather-news/Pods-weather-news-frameworks-${CONFIGURATION}-output-files.xcfilelist",
			);
			runOnlyForDeploymentPostprocessing = 0;
			shellPath = /bin/sh;
			shellScript = "\"${PODS_ROOT}/Target Support Files/Pods-weather-news/Pods-weather-news-frameworks.sh\"\n";
			showEnvVarsInLog = 0;
		};
/* End PBXShellScriptBuildPhase section */

/* Begin PBXSourcesBuildPhase section */
		A66177C4238EDC340097ACF3 /* Sources */ = {
			isa = PBXSourcesBuildPhase;
			buildActionMask = 2147483647;
			files = (
				C4C8D542238F208A00CA9D94 /* Phong.swift in Sources */,
				A66177D0238EDC340097ACF3 /* ViewController.swift in Sources */,
				A66177E0238EDDD90097ACF3 /* Secrets.swift in Sources */,
				8296FFCA238F0C9F00C52E38 /* SideBarViewController.swift in Sources */,
				A66177CC238EDC340097ACF3 /* AppDelegate.swift in Sources */,
				C4C8D541238F208A00CA9D94 /* Eric.swift in Sources */,
				A66177CE238EDC340097ACF3 /* SceneDelegate.swift in Sources */,
				C4C8D543238F208A00CA9D94 /* Zongya.swift in Sources */,
			);
			runOnlyForDeploymentPostprocessing = 0;
		};
/* End PBXSourcesBuildPhase section */

/* Begin PBXVariantGroup section */
		A66177D1238EDC340097ACF3 /* Main.storyboard */ = {
			isa = PBXVariantGroup;
			children = (
				A66177D2238EDC340097ACF3 /* Base */,
			);
			name = Main.storyboard;
			sourceTree = "<group>";
		};
		A66177D6238EDC340097ACF3 /* LaunchScreen.storyboard */ = {
			isa = PBXVariantGroup;
			children = (
				A66177D7238EDC340097ACF3 /* Base */,
			);
			name = LaunchScreen.storyboard;
			sourceTree = "<group>";
		};
/* End PBXVariantGroup section */

/* Begin XCBuildConfiguration section */
		A66177DA238EDC340097ACF3 /* Debug */ = {
			isa = XCBuildConfiguration;
			buildSettings = {
				ALWAYS_SEARCH_USER_PATHS = NO;
				CLANG_ANALYZER_NONNULL = YES;
				CLANG_ANALYZER_NUMBER_OBJECT_CONVERSION = YES_AGGRESSIVE;
				CLANG_CXX_LANGUAGE_STANDARD = "gnu++14";
				CLANG_CXX_LIBRARY = "libc++";
				CLANG_ENABLE_MODULES = YES;
				CLANG_ENABLE_OBJC_ARC = YES;
				CLANG_ENABLE_OBJC_WEAK = YES;
				CLANG_WARN_BLOCK_CAPTURE_AUTORELEASING = YES;
				CLANG_WARN_BOOL_CONVERSION = YES;
				CLANG_WARN_COMMA = YES;
				CLANG_WARN_CONSTANT_CONVERSION = YES;
				CLANG_WARN_DEPRECATED_OBJC_IMPLEMENTATIONS = YES;
				CLANG_WARN_DIRECT_OBJC_ISA_USAGE = YES_ERROR;
				CLANG_WARN_DOCUMENTATION_COMMENTS = YES;
				CLANG_WARN_EMPTY_BODY = YES;
				CLANG_WARN_ENUM_CONVERSION = YES;
				CLANG_WARN_INFINITE_RECURSION = YES;
				CLANG_WARN_INT_CONVERSION = YES;
				CLANG_WARN_NON_LITERAL_NULL_CONVERSION = YES;
				CLANG_WARN_OBJC_IMPLICIT_RETAIN_SELF = YES;
				CLANG_WARN_OBJC_LITERAL_CONVERSION = YES;
				CLANG_WARN_OBJC_ROOT_CLASS = YES_ERROR;
				CLANG_WARN_RANGE_LOOP_ANALYSIS = YES;
				CLANG_WARN_STRICT_PROTOTYPES = YES;
				CLANG_WARN_SUSPICIOUS_MOVE = YES;
				CLANG_WARN_UNGUARDED_AVAILABILITY = YES_AGGRESSIVE;
				CLANG_WARN_UNREACHABLE_CODE = YES;
				CLANG_WARN__DUPLICATE_METHOD_MATCH = YES;
				COPY_PHASE_STRIP = NO;
				DEBUG_INFORMATION_FORMAT = dwarf;
				ENABLE_STRICT_OBJC_MSGSEND = YES;
				ENABLE_TESTABILITY = YES;
				GCC_C_LANGUAGE_STANDARD = gnu11;
				GCC_DYNAMIC_NO_PIC = NO;
				GCC_NO_COMMON_BLOCKS = YES;
				GCC_OPTIMIZATION_LEVEL = 0;
				GCC_PREPROCESSOR_DEFINITIONS = (
					"DEBUG=1",
					"$(inherited)",
				);
				GCC_WARN_64_TO_32_BIT_CONVERSION = YES;
				GCC_WARN_ABOUT_RETURN_TYPE = YES_ERROR;
				GCC_WARN_UNDECLARED_SELECTOR = YES;
				GCC_WARN_UNINITIALIZED_AUTOS = YES_AGGRESSIVE;
				GCC_WARN_UNUSED_FUNCTION = YES;
				GCC_WARN_UNUSED_VARIABLE = YES;
				IPHONEOS_DEPLOYMENT_TARGET = 13.1;
				MTL_ENABLE_DEBUG_INFO = INCLUDE_SOURCE;
				MTL_FAST_MATH = YES;
				ONLY_ACTIVE_ARCH = YES;
				SDKROOT = iphoneos;
				SWIFT_ACTIVE_COMPILATION_CONDITIONS = DEBUG;
				SWIFT_OPTIMIZATION_LEVEL = "-Onone";
			};
			name = Debug;
		};
		A66177DB238EDC340097ACF3 /* Release */ = {
			isa = XCBuildConfiguration;
			buildSettings = {
				ALWAYS_SEARCH_USER_PATHS = NO;
				CLANG_ANALYZER_NONNULL = YES;
				CLANG_ANALYZER_NUMBER_OBJECT_CONVERSION = YES_AGGRESSIVE;
				CLANG_CXX_LANGUAGE_STANDARD = "gnu++14";
				CLANG_CXX_LIBRARY = "libc++";
				CLANG_ENABLE_MODULES = YES;
				CLANG_ENABLE_OBJC_ARC = YES;
				CLANG_ENABLE_OBJC_WEAK = YES;
				CLANG_WARN_BLOCK_CAPTURE_AUTORELEASING = YES;
				CLANG_WARN_BOOL_CONVERSION = YES;
				CLANG_WARN_COMMA = YES;
				CLANG_WARN_CONSTANT_CONVERSION = YES;
				CLANG_WARN_DEPRECATED_OBJC_IMPLEMENTATIONS = YES;
				CLANG_WARN_DIRECT_OBJC_ISA_USAGE = YES_ERROR;
				CLANG_WARN_DOCUMENTATION_COMMENTS = YES;
				CLANG_WARN_EMPTY_BODY = YES;
				CLANG_WARN_ENUM_CONVERSION = YES;
				CLANG_WARN_INFINITE_RECURSION = YES;
				CLANG_WARN_INT_CONVERSION = YES;
				CLANG_WARN_NON_LITERAL_NULL_CONVERSION = YES;
				CLANG_WARN_OBJC_IMPLICIT_RETAIN_SELF = YES;
				CLANG_WARN_OBJC_LITERAL_CONVERSION = YES;
				CLANG_WARN_OBJC_ROOT_CLASS = YES_ERROR;
				CLANG_WARN_RANGE_LOOP_ANALYSIS = YES;
				CLANG_WARN_STRICT_PROTOTYPES = YES;
				CLANG_WARN_SUSPICIOUS_MOVE = YES;
				CLANG_WARN_UNGUARDED_AVAILABILITY = YES_AGGRESSIVE;
				CLANG_WARN_UNREACHABLE_CODE = YES;
				CLANG_WARN__DUPLICATE_METHOD_MATCH = YES;
				COPY_PHASE_STRIP = NO;
				DEBUG_INFORMATION_FORMAT = "dwarf-with-dsym";
				ENABLE_NS_ASSERTIONS = NO;
				ENABLE_STRICT_OBJC_MSGSEND = YES;
				GCC_C_LANGUAGE_STANDARD = gnu11;
				GCC_NO_COMMON_BLOCKS = YES;
				GCC_WARN_64_TO_32_BIT_CONVERSION = YES;
				GCC_WARN_ABOUT_RETURN_TYPE = YES_ERROR;
				GCC_WARN_UNDECLARED_SELECTOR = YES;
				GCC_WARN_UNINITIALIZED_AUTOS = YES_AGGRESSIVE;
				GCC_WARN_UNUSED_FUNCTION = YES;
				GCC_WARN_UNUSED_VARIABLE = YES;
				IPHONEOS_DEPLOYMENT_TARGET = 13.1;
				MTL_ENABLE_DEBUG_INFO = NO;
				MTL_FAST_MATH = YES;
				SDKROOT = iphoneos;
				SWIFT_COMPILATION_MODE = wholemodule;
				SWIFT_OPTIMIZATION_LEVEL = "-O";
				VALIDATE_PRODUCT = YES;
			};
			name = Release;
		};
		A66177DD238EDC340097ACF3 /* Debug */ = {
			isa = XCBuildConfiguration;
			baseConfigurationReference = 1753C439548D40A8E5B8A013 /* Pods-weather-news.debug.xcconfig */;
			buildSettings = {
				ASSETCATALOG_COMPILER_APPICON_NAME = AppIcon;
				CODE_SIGN_STYLE = Automatic;
				DEVELOPMENT_TEAM = VWUAMV6493;
				INFOPLIST_FILE = "weather-news/Info.plist";
				LD_RUNPATH_SEARCH_PATHS = (
					"$(inherited)",
					"@executable_path/Frameworks",
				);
				PRODUCT_BUNDLE_IDENTIFIER = "com.phong.weather-news";
				PRODUCT_NAME = "$(TARGET_NAME)";
				SWIFT_VERSION = 5.0;
				TARGETED_DEVICE_FAMILY = "1,2";
			};
			name = Debug;
		};
		A66177DE238EDC340097ACF3 /* Release */ = {
			isa = XCBuildConfiguration;
			baseConfigurationReference = A8259D0599238A083B6E667B /* Pods-weather-news.release.xcconfig */;
			buildSettings = {
				ASSETCATALOG_COMPILER_APPICON_NAME = AppIcon;
				CODE_SIGN_STYLE = Automatic;
				DEVELOPMENT_TEAM = VWUAMV6493;
				INFOPLIST_FILE = "weather-news/Info.plist";
				LD_RUNPATH_SEARCH_PATHS = (
					"$(inherited)",
					"@executable_path/Frameworks",
				);
				PRODUCT_BUNDLE_IDENTIFIER = "com.phong.weather-news";
				PRODUCT_NAME = "$(TARGET_NAME)";
				SWIFT_VERSION = 5.0;
				TARGETED_DEVICE_FAMILY = "1,2";
			};
			name = Release;
		};
/* End XCBuildConfiguration section */

/* Begin XCConfigurationList section */
		A66177C3238EDC330097ACF3 /* Build configuration list for PBXProject "weather-news" */ = {
			isa = XCConfigurationList;
			buildConfigurations = (
				A66177DA238EDC340097ACF3 /* Debug */,
				A66177DB238EDC340097ACF3 /* Release */,
			);
			defaultConfigurationIsVisible = 0;
			defaultConfigurationName = Release;
		};
		A66177DC238EDC340097ACF3 /* Build configuration list for PBXNativeTarget "weather-news" */ = {
			isa = XCConfigurationList;
			buildConfigurations = (
				A66177DD238EDC340097ACF3 /* Debug */,
				A66177DE238EDC340097ACF3 /* Release */,
			);
			defaultConfigurationIsVisible = 0;
			defaultConfigurationName = Release;
		};
/* End XCConfigurationList section */
	};
	rootObject = A66177C0238EDC330097ACF3 /* Project object */;
}
